// !$*UTF8*$!
{
	archiveVersion = 1;
	classes = {
	};
	objectVersion = 46;
	objects = {

/* Begin PBXBuildFile section */
		AEFD5D2D1F1D3B6A008D2D3C /* Assets.xcassets in Resources */ = {isa = PBXBuildFile; fileRef = AEFD5D2C1F1D3B6A008D2D3C /* Assets.xcassets */; };
		AEFD5D301F1D3B6A008D2D3C /* LaunchScreen.storyboard in Resources */ = {isa = PBXBuildFile; fileRef = AEFD5D2E1F1D3B6A008D2D3C /* LaunchScreen.storyboard */; };
		AEFD5D391F1D3BE0008D2D3C /* ViewController.swift in Sources */ = {isa = PBXBuildFile; fileRef = AEFD5D381F1D3BE0008D2D3C /* ViewController.swift */; };
		AEFD5D3B1F1D3BF7008D2D3C /* AppDelegate.swift in Sources */ = {isa = PBXBuildFile; fileRef = AEFD5D3A1F1D3BF7008D2D3C /* AppDelegate.swift */; };
/* End PBXBuildFile section */

/* Begin PBXFileReference section */
		AEFD5D221F1D3B6A008D2D3C /* TextDetectTest.app */ = {isa = PBXFileReference; explicitFileType = wrapper.application; includeInIndex = 0; path = TextDetectTest.app; sourceTree = BUILT_PRODUCTS_DIR; };
		AEFD5D2C1F1D3B6A008D2D3C /* Assets.xcassets */ = {isa = PBXFileReference; lastKnownFileType = folder.assetcatalog; path = Assets.xcassets; sourceTree = "<group>"; };
		AEFD5D2F1F1D3B6A008D2D3C /* Base */ = {isa = PBXFileReference; lastKnownFileType = file.storyboard; name = Base; path = Base.lproj/LaunchScreen.storyboard; sourceTree = "<group>"; };
		AEFD5D311F1D3B6A008D2D3C /* Info.plist */ = {isa = PBXFileReference; lastKnownFileType = text.plist.xml; path = Info.plist; sourceTree = "<group>"; };
		AEFD5D371F1D3BE0008D2D3C /* TextDetectTest-Bridging-Header.h */ = {isa = PBXFileReference; lastKnownFileType = sourcecode.c.h; path = "TextDetectTest-Bridging-Header.h"; sourceTree = "<group>"; };
		AEFD5D381F1D3BE0008D2D3C /* ViewController.swift */ = {isa = PBXFileReference; fileEncoding = 4; lastKnownFileType = sourcecode.swift; path = ViewController.swift; sourceTree = "<group>"; };
		AEFD5D3A1F1D3BF7008D2D3C /* AppDelegate.swift */ = {isa = PBXFileReference; fileEncoding = 4; lastKnownFileType = sourcecode.swift; path = AppDelegate.swift; sourceTree = "<group>"; };
/* End PBXFileReference section */

/* Begin PBXFrameworksBuildPhase section */
		AEFD5D1F1F1D3B6A008D2D3C /* Frameworks */ = {
			isa = PBXFrameworksBuildPhase;
			buildActionMask = 2147483647;
			files = (
			);
			runOnlyForDeploymentPostprocessing = 0;
		};
/* End PBXFrameworksBuildPhase section */

/* Begin PBXGroup section */
		AEFD5D191F1D3B6A008D2D3C = {
			isa = PBXGroup;
			children = (
				AEFD5D241F1D3B6A008D2D3C /* TextDetectTest */,
				AEFD5D231F1D3B6A008D2D3C /* Products */,
			);
			sourceTree = "<group>";
		};
		AEFD5D231F1D3B6A008D2D3C /* Products */ = {
			isa = PBXGroup;
			children = (
				AEFD5D221F1D3B6A008D2D3C /* TextDetectTest.app */,
			);
			name = Products;
			sourceTree = "<group>";
		};
		AEFD5D241F1D3B6A008D2D3C /* TextDetectTest */ = {
			isa = PBXGroup;
			children = (
				AEFD5D3A1F1D3BF7008D2D3C /* AppDelegate.swift */,
				AEFD5D381F1D3BE0008D2D3C /* ViewController.swift */,
				AEFD5D2C1F1D3B6A008D2D3C /* Assets.xcassets */,
				AEFD5D2E1F1D3B6A008D2D3C /* LaunchScreen.storyboard */,
				AEFD5D311F1D3B6A008D2D3C /* Info.plist */,
				AEFD5D371F1D3BE0008D2D3C /* TextDetectTest-Bridging-Header.h */,
			);
			path = TextDetectTest;
			sourceTree = "<group>";
		};
/* End PBXGroup section */

/* Begin PBXNativeTarget section */
		AEFD5D211F1D3B6A008D2D3C /* TextDetectTest */ = {
			isa = PBXNativeTarget;
			buildConfigurationList = AEFD5D341F1D3B6A008D2D3C /* Build configuration list for PBXNativeTarget "TextDetectTest" */;
			buildPhases = (
				AEFD5D1E1F1D3B6A008D2D3C /* Sources */,
				AEFD5D1F1F1D3B6A008D2D3C /* Frameworks */,
				AEFD5D201F1D3B6A008D2D3C /* Resources */,
			);
			buildRules = (
			);
			dependencies = (
			);
			name = TextDetectTest;
			productName = TextDetectTest;
			productReference = AEFD5D221F1D3B6A008D2D3C /* TextDetectTest.app */;
			productType = "com.apple.product-type.application";
		};
/* End PBXNativeTarget section */

/* Begin PBXProject section */
		AEFD5D1A1F1D3B6A008D2D3C /* Project object */ = {
			isa = PBXProject;
			attributes = {
				LastSwiftUpdateCheck = 0830;
				LastUpgradeCheck = 0830;
				ORGANIZATIONNAME = "Liao Jiue-Ren";
				TargetAttributes = {
					AEFD5D211F1D3B6A008D2D3C = {
						CreatedOnToolsVersion = 8.3.3;
						DevelopmentTeam = YWN5QU968T;
						LastSwiftMigration = 0830;
						ProvisioningStyle = Automatic;
					};
				};
			};
			buildConfigurationList = AEFD5D1D1F1D3B6A008D2D3C /* Build configuration list for PBXProject "TextDetectTest" */;
			compatibilityVersion = "Xcode 3.2";
			developmentRegion = English;
			hasScannedForEncodings = 0;
			knownRegions = (
				en,
				Base,
			);
			mainGroup = AEFD5D191F1D3B6A008D2D3C;
			productRefGroup = AEFD5D231F1D3B6A008D2D3C /* Products */;
			projectDirPath = "";
			projectRoot = "";
			targets = (
				AEFD5D211F1D3B6A008D2D3C /* TextDetectTest */,
			);
		};
/* End PBXProject section */

/* Begin PBXResourcesBuildPhase section */
		AEFD5D201F1D3B6A008D2D3C /* Resources */ = {
			isa = PBXResourcesBuildPhase;
			buildActionMask = 2147483647;
			files = (
				AEFD5D301F1D3B6A008D2D3C /* LaunchScreen.storyboard in Resources */,
				AEFD5D2D1F1D3B6A008D2D3C /* Assets.xcassets in Resources */,
			);
			runOnlyForDeploymentPostprocessing = 0;
		};
/* End PBXResourcesBuildPhase section */

/* Begin PBXSourcesBuildPhase section */
		AEFD5D1E1F1D3B6A008D2D3C /* Sources */ = {
			isa = PBXSourcesBuildPhase;
			buildActionMask = 2147483647;
			files = (
				AEFD5D3B1F1D3BF7008D2D3C /* AppDelegate.swift in Sources */,
				AEFD5D391F1D3BE0008D2D3C /* ViewController.swift in Sources */,
			);
			runOnlyForDeploymentPostprocessing = 0;
		};
/* End PBXSourcesBuildPhase section */

/* Begin PBXVariantGroup section */
		AEFD5D2E1F1D3B6A008D2D3C /* LaunchScreen.storyboard */ = {
			isa = PBXVariantGroup;
			children = (
				AEFD5D2F1F1D3B6A008D2D3C /* Base */,
			);
			name = LaunchScreen.storyboard;
			sourceTree = "<group>";
		};
/* End PBXVariantGroup section */

/* Begin XCBuildConfiguration section */
		AEFD5D321F1D3B6A008D2D3C /* Debug */ = {
			isa = XCBuildConfiguration;
			buildSettings = {
				ALWAYS_SEARCH_USER_PATHS = NO;
				CLANG_ANALYZER_NONNULL = YES;
				CLANG_ANALYZER_NUMBER_OBJECT_CONVERSION = YES_AGGRESSIVE;
				CLANG_CXX_LANGUAGE_STANDARD = "gnu++0x";
				CLANG_CXX_LIBRARY = "libc++";
				CLANG_ENABLE_MODULES = YES;
				CLANG_ENABLE_OBJC_ARC = YES;
				CLANG_WARN_BOOL_CONVERSION = YES;
				CLANG_WARN_CONSTANT_CONVERSION = YES;
				CLANG_WARN_DIRECT_OBJC_ISA_USAGE = YES_ERROR;
				CLANG_WARN_DOCUMENTATION_COMMENTS = YES;
				CLANG_WARN_EMPTY_BODY = YES;
				CLANG_WARN_ENUM_CONVERSION = YES;
				CLANG_WARN_INFINITE_RECURSION = YES;
				CLANG_WARN_INT_CONVERSION = YES;
				CLANG_WARN_OBJC_ROOT_CLASS = YES_ERROR;
				CLANG_WARN_SUSPICIOUS_MOVE = YES;
				CLANG_WARN_UNREACHABLE_CODE = YES;
				CLANG_WARN__DUPLICATE_METHOD_MATCH = YES;
				"CODE_SIGN_IDENTITY[sdk=iphoneos*]" = "iPhone Developer";
				COPY_PHASE_STRIP = NO;
				DEBUG_INFORMATION_FORMAT = dwarf;
				ENABLE_STRICT_OBJC_MSGSEND = YES;
				ENABLE_TESTABILITY = YES;
				GCC_C_LANGUAGE_STANDARD = gnu99;
				GCC_DYNAMIC_NO_PIC = NO;
				GCC_NO_COMMON_BLOCKS = YES;
				GCC_OPTIMIZATION_LEVEL = 0;
				GCC_PREPROCESSOR_DEFINITIONS = (
					"DEBUG=1",
					"$(inherited)",
				);
				GCC_WARN_64_TO_32_BIT_CONVERSION = YES;
				GCC_WARN_ABOUT_RETURN_TYPE = YES_ERROR;
				GCC_WARN_UNDECLARED_SELECTOR = YES;
				GCC_WARN_UNINITIALIZED_AUTOS = YES_AGGRESSIVE;
				GCC_WARN_UNUSED_FUNCTION = YES;
				GCC_WARN_UNUSED_VARIABLE = YES;
				IPHONEOS_DEPLOYMENT_TARGET = 10.3;
				MTL_ENABLE_DEBUG_INFO = YES;
				ONLY_ACTIVE_ARCH = YES;
				SDKROOT = iphoneos;
				SWIFT_ACTIVE_COMPILATION_CONDITIONS = DEBUG;
				SWIFT_OPTIMIZATION_LEVEL = "-Onone";
			};
			name = Debug;
		};
		AEFD5D331F1D3B6A008D2D3C /* Release */ = {
			isa = XCBuildConfiguration;
			buildSettings = {
				ALWAYS_SEARCH_USER_PATHS = NO;
				CLANG_ANALYZER_NONNULL = YES;
				CLANG_ANALYZER_NUMBER_OBJECT_CONVERSION = YES_AGGRESSIVE;
				CLANG_CXX_LANGUAGE_STANDARD = "gnu++0x";
				CLANG_CXX_LIBRARY = "libc++";
				CLANG_ENABLE_MODULES = YES;
				CLANG_ENABLE_OBJC_ARC = YES;
				CLANG_WARN_BOOL_CONVERSION = YES;
				CLANG_WARN_CONSTANT_CONVERSION = YES;
				CLANG_WARN_DIRECT_OBJC_ISA_USAGE = YES_ERROR;
				CLANG_WARN_DOCUMENTATION_COMMENTS = YES;
				CLANG_WARN_EMPTY_BODY = YES;
				CLANG_WARN_ENUM_CONVERSION = YES;
				CLANG_WARN_INFINITE_RECURSION = YES;
				CLANG_WARN_INT_CONVERSION = YES;
				CLANG_WARN_OBJC_ROOT_CLASS = YES_ERROR;
				CLANG_WARN_SUSPICIOUS_MOVE = YES;
				CLANG_WARN_UNREACHABLE_CODE = YES;
				CLANG_WARN__DUPLICATE_METHOD_MATCH = YES;
				"CODE_SIGN_IDENTITY[sdk=iphoneos*]" = "iPhone Developer";
				COPY_PHASE_STRIP = NO;
				DEBUG_INFORMATION_FORMAT = "dwarf-with-dsym";
				ENABLE_NS_ASSERTIONS = NO;
				ENABLE_STRICT_OBJC_MSGSEND = YES;
				GCC_C_LANGUAGE_STANDARD = gnu99;
				GCC_NO_COMMON_BLOCKS = YES;
				GCC_WARN_64_TO_32_BIT_CONVERSION = YES;
				GCC_WARN_ABOUT_RETURN_TYPE = YES_ERROR;
				GCC_WARN_UNDECLARED_SELECTOR = YES;
				GCC_WARN_UNINITIALIZED_AUTOS = YES_AGGRESSIVE;
				GCC_WARN_UNUSED_FUNCTION = YES;
				GCC_WARN_UNUSED_VARIABLE = YES;
				IPHONEOS_DEPLOYMENT_TARGET = 10.3;
				MTL_ENABLE_DEBUG_INFO = NO;
				SDKROOT = iphoneos;
				SWIFT_OPTIMIZATION_LEVEL = "-Owholemodule";
				VALIDATE_PRODUCT = YES;
			};
			name = Release;
		};
		AEFD5D351F1D3B6A008D2D3C /* Debug */ = {
			isa = XCBuildConfiguration;
			buildSettings = {
				ASSETCATALOG_COMPILER_APPICON_NAME = AppIcon;
				CLANG_ENABLE_MODULES = YES;
				DEVELOPMENT_TEAM = YWN5QU968T;
				INFOPLIST_FILE = TextDetectTest/Info.plist;
				LD_RUNPATH_SEARCH_PATHS = "$(inherited) @executable_path/Frameworks";
				PRODUCT_BUNDLE_IDENTIFIER = com.SweTech.TextDetectTest;
				PRODUCT_NAME = "$(TARGET_NAME)";
				SWIFT_OBJC_BRIDGING_HEADER = "TextDetectTest/TextDetectTest-Bridging-Header.h";
				SWIFT_OPTIMIZATION_LEVEL = "-Onone";
				SWIFT_VERSION = 3.0;
			};
			name = Debug;
		};
		AEFD5D361F1D3B6A008D2D3C /* Release */ = {
			isa = XCBuildConfiguration;
			buildSettings = {
				ASSETCATALOG_COMPILER_APPICON_NAME = AppIcon;
				CLANG_ENABLE_MODULES = YES;
				DEVELOPMENT_TEAM = YWN5QU968T;
				INFOPLIST_FILE = TextDetectTest/Info.plist;
				LD_RUNPATH_SEARCH_PATHS = "$(inherited) @executable_path/Frameworks";
				PRODUCT_BUNDLE_IDENTIFIER = com.SweTech.TextDetectTest;
				PRODUCT_NAME = "$(TARGET_NAME)";
				SWIFT_OBJC_BRIDGING_HEADER = "TextDetectTest/TextDetectTest-Bridging-Header.h";
				SWIFT_VERSION = 3.0;
			};
			name = Release;
		};
/* End XCBuildConfiguration section */

/* Begin XCConfigurationList section */
		AEFD5D1D1F1D3B6A008D2D3C /* Build configuration list for PBXProject "TextDetectTest" */ = {
			isa = XCConfigurationList;
			buildConfigurations = (
				AEFD5D321F1D3B6A008D2D3C /* Debug */,
				AEFD5D331F1D3B6A008D2D3C /* Release */,
			);
			defaultConfigurationIsVisible = 0;
			defaultConfigurationName = Release;
		};
		AEFD5D341F1D3B6A008D2D3C /* Build configuration list for PBXNativeTarget "TextDetectTest" */ = {
			isa = XCConfigurationList;
			buildConfigurations = (
				AEFD5D351F1D3B6A008D2D3C /* Debug */,
				AEFD5D361F1D3B6A008D2D3C /* Release */,
			);
			defaultConfigurationIsVisible = 0;
		};
/* End XCConfigurationList section */
	};
	rootObject = AEFD5D1A1F1D3B6A008D2D3C /* Project object */;
}
